{
  "name": "code-bloc",
  "version": "1.0.0",
  "lockfileVersion": 2,
  "requires": true,
  "packages": {
    "": {
      "name": "code-bloc",
      "version": "1.0.0",
      "license": "ISC",
      "dependencies": {
        "acorn": "^8.5.0",
        "antlr4": "^4.9.2",
        "crypto-js": "^4.1.1",
        "n-gram": "^2.0.1"
      }
    },
    "node_modules/acorn": {
      "version": "8.5.0",
      "resolved": "https://registry.npmjs.org/acorn/-/acorn-8.5.0.tgz",
      "integrity": "sha512-yXbYeFy+jUuYd3/CDcg2NkIYE991XYX/bje7LmjJigUciaeO1JR4XxXgCIV1/Zc/dRuFEyw1L0pbA+qynJkW5Q==",
      "bin": {
        "acorn": "bin/acorn"
      },
      "engines": {
        "node": ">=0.4.0"
      }
    },
    "node_modules/antlr4": {
      "version": "4.9.2",
      "resolved": "https://registry.npmjs.org/antlr4/-/antlr4-4.9.2.tgz",
      "integrity": "sha512-UjMSlenUORL+a+6g4RNZxRh5LcFWybRi2g0ASDBpgXBY6nlavg0BRVAVEQF0dz8jH6SyX3lV7uP5y/krJzc+Hw==",
      "engines": {
        "node": ">=14"
      }
    },
    "node_modules/crypto-js": {
      "version": "4.1.1",
      "resolved": "https://registry.npmjs.org/crypto-js/-/crypto-js-4.1.1.tgz",
      "integrity": "sha512-o2JlM7ydqd3Qk9CA0L4NL6mTzU2sdx96a+oOfPu8Mkl/PK51vSyoi8/rQ8NknZtk44vq15lmhAj9CIAGwgeWKw=="
    },
    "node_modules/n-gram": {
      "version": "2.0.1",
      "resolved": "https://registry.npmjs.org/n-gram/-/n-gram-2.0.1.tgz",
      "integrity": "sha512-ECtaRCOsPvqdTMI7SAFVaPaHv1ofhGqstphMFDWF3yrOaJcFsaCTpTREjYaPYpMC1nzJdewuiqvYXGM9W+Radw==",
      "funding": {
        "type": "github",
        "url": "https://github.com/sponsors/wooorm"
      }
    }
  },
  "dependencies": {
    "acorn": {
      "version": "8.5.0",
      "resolved": "https://registry.npmjs.org/acorn/-/acorn-8.5.0.tgz",
      "integrity": "sha512-yXbYeFy+jUuYd3/CDcg2NkIYE991XYX/bje7LmjJigUciaeO1JR4XxXgCIV1/Zc/dRuFEyw1L0pbA+qynJkW5Q=="
    },
    "antlr4": {
      "version": "4.9.2",
      "resolved": "https://registry.npmjs.org/antlr4/-/antlr4-4.9.2.tgz",
      "integrity": "sha512-UjMSlenUORL+a+6g4RNZxRh5LcFWybRi2g0ASDBpgXBY6nlavg0BRVAVEQF0dz8jH6SyX3lV7uP5y/krJzc+Hw=="
    },
    "crypto-js": {
      "version": "4.1.1",
      "resolved": "https://registry.npmjs.org/crypto-js/-/crypto-js-4.1.1.tgz",
      "integrity": "sha512-o2JlM7ydqd3Qk9CA0L4NL6mTzU2sdx96a+oOfPu8Mkl/PK51vSyoi8/rQ8NknZtk44vq15lmhAj9CIAGwgeWKw=="
    },
    "n-gram": {
      "version": "2.0.1",
      "resolved": "https://registry.npmjs.org/n-gram/-/n-gram-2.0.1.tgz",
      "integrity": "sha512-ECtaRCOsPvqdTMI7SAFVaPaHv1ofhGqstphMFDWF3yrOaJcFsaCTpTREjYaPYpMC1nzJdewuiqvYXGM9W+Radw=="
    }
  }
}
